
Microsoft Visual Studio Solution File, Format Version 12.00
# Visual Studio Version 17
VisualStudioVersion = 17.9.34701.34
MinimumVisualStudioVersion = 10.0.40219.1
Project("{FAE04EC0-301F-11D3-BF4B-00C04F79EFBC}") = "ZeroHunger", "ZeroHunger\ZeroHunger.csproj", "{C991DD61-6570-466A-B0A6-99C2541F838A}"
EndProject
Global
	GlobalSection(SolutionConfigurationPlatforms) = preSolution
		Debug|Any CPU = Debug|Any CPU
		Release|Any CPU = Release|Any CPU
	EndGlobalSection
	GlobalSection(ProjectConfigurationPlatforms) = postSolution
		{C991DD61-6570-466A-B0A6-99C2541F838A}.Debug|Any CPU.ActiveCfg = Debug|Any CPU
		{C991DD61-6570-466A-B0A6-99C2541F838A}.Debug|Any CPU.Build.0 = Debug|Any CPU
		{C991DD61-6570-466A-B0A6-99C2541F838A}.Release|Any CPU.ActiveCfg = Release|Any CPU
		{C991DD61-6570-466A-B0A6-99C2541F838A}.Release|Any CPU.Build.0 = Release|Any CPU
	EndGlobalSection
	GlobalSection(SolutionProperties) = preSolution
		HideSolutionNode = FALSE
	EndGlobalSection
	GlobalSection(ExtensibilityGlobals) = postSolution
		SolutionGuid = {3D7F5B5C-1FB1-4BB7-ABE7-68B712A7F943}
	EndGlobalSection
EndGlobal
